
Microsoft Visual Studio Solution File, Format Version 12.00
# Visual Studio 15
VisualStudioVersion = 15.0.27130.2027
MinimumVisualStudioVersion = 10.0.40219.1
Project("{8BC9CEB8-8B4A-11D0-8D11-00A0C91BC942}") = "ConsoleApp1", "ConsoleApp1\ConsoleApp1.vcxproj", "{D5B380FD-EC99-413C-833A-E3E335FC59FA}"
EndProject
Global
	GlobalSection(SolutionConfigurationPlatforms) = preSolution
		Debug|x64 = Debug|x64
		Debug|x86 = Debug|x86
		Release|x64 = Release|x64
		Release|x86 = Release|x86
	EndGlobalSection
	GlobalSection(ProjectConfigurationPlatforms) = postSolution
		{D5B380FD-EC99-413C-833A-E3E335FC59FA}.Debug|x64.ActiveCfg = Debug|x64
		{D5B380FD-EC99-413C-833A-E3E335FC59FA}.Debug|x64.Build.0 = Debug|x64
		{D5B380FD-EC99-413C-833A-E3E335FC59FA}.Debug|x86.ActiveCfg = Debug|Win32
		{D5B380FD-EC99-413C-833A-E3E335FC59FA}.Debug|x86.Build.0 = Debug|Win32
		{D5B380FD-EC99-413C-833A-E3E335FC59FA}.Release|x64.ActiveCfg = Release|x64
		{D5B380FD-EC99-413C-833A-E3E335FC59FA}.Release|x64.Build.0 = Release|x64
		{D5B380FD-EC99-413C-833A-E3E335FC59FA}.Release|x86.ActiveCfg = Release|Win32
		{D5B380FD-EC99-413C-833A-E3E335FC59FA}.Release|x86.Build.0 = Release|Win32
	EndGlobalSection
	GlobalSection(SolutionProperties) = preSolution
		HideSolutionNode = FALSE
	EndGlobalSection
	GlobalSection(ExtensibilityGlobals) = postSolution
		SolutionGuid = {5024F4E7-2FF7-4397-90C4-DA55941080F8}
	EndGlobalSection
EndGlobal
